
Microsoft Visual Studio Solution File, Format Version 12.00
# Visual Studio 15
VisualStudioVersion = 15.0.28307.489
MinimumVisualStudioVersion = 10.0.40219.1
Project("{FAE04EC0-301F-11D3-BF4B-00C04F79EFBC}") = "UnitTesting", "UnitTesting\UnitTesting.csproj", "{B6CD2C1F-ACCD-4F15-B239-4EA7E7943876}"
EndProject
Project("{FAE04EC0-301F-11D3-BF4B-00C04F79EFBC}") = "XUnitTestProject1", "XUnitTestProject1\XUnitTestProject1.csproj", "{4E9137B9-1F2C-48FC-A13B-844A2C0B3D67}"
EndProject
Global
	GlobalSection(SolutionConfigurationPlatforms) = preSolution
		Debug|Any CPU = Debug|Any CPU
		Release|Any CPU = Release|Any CPU
	EndGlobalSection
	GlobalSection(ProjectConfigurationPlatforms) = postSolution
		{B6CD2C1F-ACCD-4F15-B239-4EA7E7943876}.Debug|Any CPU.ActiveCfg = Debug|Any CPU
		{B6CD2C1F-ACCD-4F15-B239-4EA7E7943876}.Debug|Any CPU.Build.0 = Debug|Any CPU
		{B6CD2C1F-ACCD-4F15-B239-4EA7E7943876}.Release|Any CPU.ActiveCfg = Release|Any CPU
		{B6CD2C1F-ACCD-4F15-B239-4EA7E7943876}.Release|Any CPU.Build.0 = Release|Any CPU
		{4E9137B9-1F2C-48FC-A13B-844A2C0B3D67}.Debug|Any CPU.ActiveCfg = Debug|Any CPU
		{4E9137B9-1F2C-48FC-A13B-844A2C0B3D67}.Debug|Any CPU.Build.0 = Debug|Any CPU
		{4E9137B9-1F2C-48FC-A13B-844A2C0B3D67}.Release|Any CPU.ActiveCfg = Release|Any CPU
		{4E9137B9-1F2C-48FC-A13B-844A2C0B3D67}.Release|Any CPU.Build.0 = Release|Any CPU
	EndGlobalSection
	GlobalSection(SolutionProperties) = preSolution
		HideSolutionNode = FALSE
	EndGlobalSection
	GlobalSection(ExtensibilityGlobals) = postSolution
		SolutionGuid = {27125CCC-0E6F-4809-82A6-4FBF056E0C66}
	EndGlobalSection
EndGlobal
